// !$*UTF8*$!
{
	archiveVersion = 1;
	classes = {
	};
	objectVersion = 46;
	objects = {

/* Begin PBXBuildFile section */
		581C17811AFD3C5A0094DE54 /* AppDelegate.swift in Sources */ = {isa = PBXBuildFile; fileRef = 581C17801AFD3C5A0094DE54 /* AppDelegate.swift */; };
		581C17881AFD3C5A0094DE54 /* Images.xcassets in Resources */ = {isa = PBXBuildFile; fileRef = 581C17871AFD3C5A0094DE54 /* Images.xcassets */; };
		581C178B1AFD3C5A0094DE54 /* LaunchScreen.xib in Resources */ = {isa = PBXBuildFile; fileRef = 581C17891AFD3C5A0094DE54 /* LaunchScreen.xib */; };
		581C17971AFD3C5A0094DE54 /* Stacks_on_StacksTests.swift in Sources */ = {isa = PBXBuildFile; fileRef = 581C17961AFD3C5A0094DE54 /* Stacks_on_StacksTests.swift */; };
		581C17A11AFD3CA70094DE54 /* Main.storyboard in Resources */ = {isa = PBXBuildFile; fileRef = 581C17A01AFD3CA70094DE54 /* Main.storyboard */; };
		581C17A31AFD3CC90094DE54 /* EasyTetrisViewController.swift in Sources */ = {isa = PBXBuildFile; fileRef = 581C17A21AFD3CC90094DE54 /* EasyTetrisViewController.swift */; };
		581C17A51AFD3CDC0094DE54 /* DropBehavior.swift in Sources */ = {isa = PBXBuildFile; fileRef = 581C17A41AFD3CDC0094DE54 /* DropBehavior.swift */; };
		581C17BB1AFD87230094DE54 /* 58x58.png in Resources */ = {isa = PBXBuildFile; fileRef = 581C17B81AFD87230094DE54 /* 58x58.png */; };
		581C17BC1AFD87230094DE54 /* 80x80.png in Resources */ = {isa = PBXBuildFile; fileRef = 581C17B91AFD87230094DE54 /* 80x80.png */; };
		581C17BD1AFD87230094DE54 /* 120x120.png in Resources */ = {isa = PBXBuildFile; fileRef = 581C17BA1AFD87230094DE54 /* 120x120.png */; };
/* End PBXBuildFile section */

/* Begin PBXContainerItemProxy section */
		581C17911AFD3C5A0094DE54 /* PBXContainerItemProxy */ = {
			isa = PBXContainerItemProxy;
			containerPortal = 581C17731AFD3C5A0094DE54 /* Project object */;
			proxyType = 1;
			remoteGlobalIDString = 581C177A1AFD3C5A0094DE54;
			remoteInfo = "Stacks on Stacks";
		};
/* End PBXContainerItemProxy section */

/* Begin PBXFileReference section */
		581C177B1AFD3C5A0094DE54 /* Stacks on Stacks.app */ = {isa = PBXFileReference; explicitFileType = wrapper.application; includeInIndex = 0; path = "Stacks on Stacks.app"; sourceTree = BUILT_PRODUCTS_DIR; };
		581C177F1AFD3C5A0094DE54 /* Info.plist */ = {isa = PBXFileReference; lastKnownFileType = text.plist.xml; path = Info.plist; sourceTree = "<group>"; };
		581C17801AFD3C5A0094DE54 /* AppDelegate.swift */ = {isa = PBXFileReference; lastKnownFileType = sourcecode.swift; path = AppDelegate.swift; sourceTree = "<group>"; };
		581C17871AFD3C5A0094DE54 /* Images.xcassets */ = {isa = PBXFileReference; lastKnownFileType = folder.assetcatalog; path = Images.xcassets; sourceTree = "<group>"; };
		581C178A1AFD3C5A0094DE54 /* Base */ = {isa = PBXFileReference; lastKnownFileType = file.xib; name = Base; path = Base.lproj/LaunchScreen.xib; sourceTree = "<group>"; };
		581C17901AFD3C5A0094DE54 /* Stacks on StacksTests.xctest */ = {isa = PBXFileReference; explicitFileType = wrapper.cfbundle; includeInIndex = 0; path = "Stacks on StacksTests.xctest"; sourceTree = BUILT_PRODUCTS_DIR; };
		581C17951AFD3C5A0094DE54 /* Info.plist */ = {isa = PBXFileReference; lastKnownFileType = text.plist.xml; path = Info.plist; sourceTree = "<group>"; };
		581C17961AFD3C5A0094DE54 /* Stacks_on_StacksTests.swift */ = {isa = PBXFileReference; lastKnownFileType = sourcecode.swift; path = Stacks_on_StacksTests.swift; sourceTree = "<group>"; };
		581C17A01AFD3CA70094DE54 /* Main.storyboard */ = {isa = PBXFileReference; fileEncoding = 4; lastKnownFileType = file.storyboard; path = Main.storyboard; sourceTree = "<group>"; };
		581C17A21AFD3CC90094DE54 /* EasyTetrisViewController.swift */ = {isa = PBXFileReference; fileEncoding = 4; lastKnownFileType = sourcecode.swift; path = EasyTetrisViewController.swift; sourceTree = "<group>"; };
		581C17A41AFD3CDC0094DE54 /* DropBehavior.swift */ = {isa = PBXFileReference; fileEncoding = 4; lastKnownFileType = sourcecode.swift; path = DropBehavior.swift; sourceTree = "<group>"; };
		581C17B81AFD87230094DE54 /* 58x58.png */ = {isa = PBXFileReference; lastKnownFileType = image.png; path = 58x58.png; sourceTree = "<group>"; };
		581C17B91AFD87230094DE54 /* 80x80.png */ = {isa = PBXFileReference; lastKnownFileType = image.png; path = 80x80.png; sourceTree = "<group>"; };
		581C17BA1AFD87230094DE54 /* 120x120.png */ = {isa = PBXFileReference; lastKnownFileType = image.png; path = 120x120.png; sourceTree = "<group>"; };
/* End PBXFileReference section */

/* Begin PBXFrameworksBuildPhase section */
		581C17781AFD3C5A0094DE54 /* Frameworks */ = {
			isa = PBXFrameworksBuildPhase;
			buildActionMask = 2147483647;
			files = (
			);
			runOnlyForDeploymentPostprocessing = 0;
		};
		581C178D1AFD3C5A0094DE54 /* Frameworks */ = {
			isa = PBXFrameworksBuildPhase;
			buildActionMask = 2147483647;
			files = (
			);
			runOnlyForDeploymentPostprocessing = 0;
		};
/* End PBXFrameworksBuildPhase section */

/* Begin PBXGroup section */
		581C17721AFD3C5A0094DE54 = {
			isa = PBXGroup;
			children = (
				581C177D1AFD3C5A0094DE54 /* Stacks on Stacks */,
				581C17931AFD3C5A0094DE54 /* Stacks on StacksTests */,
				581C177C1AFD3C5A0094DE54 /* Products */,
			);
			sourceTree = "<group>";
		};
		581C177C1AFD3C5A0094DE54 /* Products */ = {
			isa = PBXGroup;
			children = (
				581C177B1AFD3C5A0094DE54 /* Stacks on Stacks.app */,
				581C17901AFD3C5A0094DE54 /* Stacks on StacksTests.xctest */,
			);
			name = Products;
			sourceTree = "<group>";
		};
		581C177D1AFD3C5A0094DE54 /* Stacks on Stacks */ = {
			isa = PBXGroup;
			children = (
				581C17A41AFD3CDC0094DE54 /* DropBehavior.swift */,
				581C17871AFD3C5A0094DE54 /* Images.xcassets */,
				581C17891AFD3C5A0094DE54 /* LaunchScreen.xib */,
				581C17A21AFD3CC90094DE54 /* EasyTetrisViewController.swift */,
				581C17A01AFD3CA70094DE54 /* Main.storyboard */,
				581C177E1AFD3C5A0094DE54 /* Supporting Files */,
			);
			path = "Stacks on Stacks";
			sourceTree = "<group>";
		};
		581C177E1AFD3C5A0094DE54 /* Supporting Files */ = {
			isa = PBXGroup;
			children = (
				581C17B81AFD87230094DE54 /* 58x58.png */,
				581C17B91AFD87230094DE54 /* 80x80.png */,
				581C17BA1AFD87230094DE54 /* 120x120.png */,
				581C17801AFD3C5A0094DE54 /* AppDelegate.swift */,
				581C177F1AFD3C5A0094DE54 /* Info.plist */,
			);
			name = "Supporting Files";
			sourceTree = "<group>";
		};
		581C17931AFD3C5A0094DE54 /* Stacks on StacksTests */ = {
			isa = PBXGroup;
			children = (
				581C17961AFD3C5A0094DE54 /* Stacks_on_StacksTests.swift */,
				581C17941AFD3C5A0094DE54 /* Supporting Files */,
			);
			path = "Stacks on StacksTests";
			sourceTree = "<group>";
		};
		581C17941AFD3C5A0094DE54 /* Supporting Files */ = {
			isa = PBXGroup;
			children = (
				581C17951AFD3C5A0094DE54 /* Info.plist */,
			);
			name = "Supporting Files";
			sourceTree = "<group>";
		};
/* End PBXGroup section */

/* Begin PBXNativeTarget section */
		581C177A1AFD3C5A0094DE54 /* Stacks on Stacks */ = {
			isa = PBXNativeTarget;
			buildConfigurationList = 581C179A1AFD3C5A0094DE54 /* Build configuration list for PBXNativeTarget "Stacks on Stacks" */;
			buildPhases = (
				581C17771AFD3C5A0094DE54 /* Sources */,
				581C17781AFD3C5A0094DE54 /* Frameworks */,
				581C17791AFD3C5A0094DE54 /* Resources */,
			);
			buildRules = (
			);
			dependencies = (
			);
			name = "Stacks on Stacks";
			productName = "Stacks on Stacks";
			productReference = 581C177B1AFD3C5A0094DE54 /* Stacks on Stacks.app */;
			productType = "com.apple.product-type.application";
		};
		581C178F1AFD3C5A0094DE54 /* Stacks on StacksTests */ = {
			isa = PBXNativeTarget;
			buildConfigurationList = 581C179D1AFD3C5A0094DE54 /* Build configuration list for PBXNativeTarget "Stacks on StacksTests" */;
			buildPhases = (
				581C178C1AFD3C5A0094DE54 /* Sources */,
				581C178D1AFD3C5A0094DE54 /* Frameworks */,
				581C178E1AFD3C5A0094DE54 /* Resources */,
			);
			buildRules = (
			);
			dependencies = (
				581C17921AFD3C5A0094DE54 /* PBXTargetDependency */,
			);
			name = "Stacks on StacksTests";
			productName = "Stacks on StacksTests";
			productReference = 581C17901AFD3C5A0094DE54 /* Stacks on StacksTests.xctest */;
			productType = "com.apple.product-type.bundle.unit-test";
		};
/* End PBXNativeTarget section */

/* Begin PBXProject section */
		581C17731AFD3C5A0094DE54 /* Project object */ = {
			isa = PBXProject;
			attributes = {
				LastUpgradeCheck = 0630;
				ORGANIZATIONNAME = "AandA Development";
				TargetAttributes = {
					581C177A1AFD3C5A0094DE54 = {
						CreatedOnToolsVersion = 6.3.1;
					};
					581C178F1AFD3C5A0094DE54 = {
						CreatedOnToolsVersion = 6.3.1;
						TestTargetID = 581C177A1AFD3C5A0094DE54;
					};
				};
			};
			buildConfigurationList = 581C17761AFD3C5A0094DE54 /* Build configuration list for PBXProject "stacks on stacks" */;
			compatibilityVersion = "Xcode 3.2";
			developmentRegion = English;
			hasScannedForEncodings = 0;
			knownRegions = (
				en,
				Base,
			);
			mainGroup = 581C17721AFD3C5A0094DE54;
			productRefGroup = 581C177C1AFD3C5A0094DE54 /* Products */;
			projectDirPath = "";
			projectRoot = "";
			targets = (
				581C177A1AFD3C5A0094DE54 /* Stacks on Stacks */,
				581C178F1AFD3C5A0094DE54 /* Stacks on StacksTests */,
			);
		};
/* End PBXProject section */

/* Begin PBXResourcesBuildPhase section */
		581C17791AFD3C5A0094DE54 /* Resources */ = {
			isa = PBXResourcesBuildPhase;
			buildActionMask = 2147483647;
			files = (
				581C17A11AFD3CA70094DE54 /* Main.storyboard in Resources */,
				581C178B1AFD3C5A0094DE54 /* LaunchScreen.xib in Resources */,
				581C17BB1AFD87230094DE54 /* 58x58.png in Resources */,
				581C17BC1AFD87230094DE54 /* 80x80.png in Resources */,
				581C17BD1AFD87230094DE54 /* 120x120.png in Resources */,
				581C17881AFD3C5A0094DE54 /* Images.xcassets in Resources */,
			);
			runOnlyForDeploymentPostprocessing = 0;
		};
		581C178E1AFD3C5A0094DE54 /* Resources */ = {
			isa = PBXResourcesBuildPhase;
			buildActionMask = 2147483647;
			files = (
			);
			runOnlyForDeploymentPostprocessing = 0;
		};
/* End PBXResourcesBuildPhase section */

/* Begin PBXSourcesBuildPhase section */
		581C17771AFD3C5A0094DE54 /* Sources */ = {
			isa = PBXSourcesBuildPhase;
			buildActionMask = 2147483647;
			files = (
				581C17811AFD3C5A0094DE54 /* AppDelegate.swift in Sources */,
				581C17A51AFD3CDC0094DE54 /* DropBehavior.swift in Sources */,
				581C17A31AFD3CC90094DE54 /* EasyTetrisViewController.swift in Sources */,
			);
			runOnlyForDeploymentPostprocessing = 0;
		};
		581C178C1AFD3C5A0094DE54 /* Sources */ = {
			isa = PBXSourcesBuildPhase;
			buildActionMask = 2147483647;
			files = (
				581C17971AFD3C5A0094DE54 /* Stacks_on_StacksTests.swift in Sources */,
			);
			runOnlyForDeploymentPostprocessing = 0;
		};
/* End PBXSourcesBuildPhase section */

/* Begin PBXTargetDependency section */
		581C17921AFD3C5A0094DE54 /* PBXTargetDependency */ = {
			isa = PBXTargetDependency;
			target = 581C177A1AFD3C5A0094DE54 /* Stacks on Stacks */;
			targetProxy = 581C17911AFD3C5A0094DE54 /* PBXContainerItemProxy */;
		};
/* End PBXTargetDependency section */

/* Begin PBXVariantGroup section */
		581C17891AFD3C5A0094DE54 /* LaunchScreen.xib */ = {
			isa = PBXVariantGroup;
			children = (
				581C178A1AFD3C5A0094DE54 /* Base */,
			);
			name = LaunchScreen.xib;
			sourceTree = "<group>";
		};
/* End PBXVariantGroup section */

/* Begin XCBuildConfiguration section */
		581C17981AFD3C5A0094DE54 /* Debug */ = {
			isa = XCBuildConfiguration;
			buildSettings = {
				ALWAYS_SEARCH_USER_PATHS = NO;
				CLANG_CXX_LANGUAGE_STANDARD = "gnu++0x";
				CLANG_CXX_LIBRARY = "libc++";
				CLANG_ENABLE_MODULES = YES;
				CLANG_ENABLE_OBJC_ARC = YES;
				CLANG_WARN_BOOL_CONVERSION = YES;
				CLANG_WARN_CONSTANT_CONVERSION = YES;
				CLANG_WARN_DIRECT_OBJC_ISA_USAGE = YES_ERROR;
				CLANG_WARN_EMPTY_BODY = YES;
				CLANG_WARN_ENUM_CONVERSION = YES;
				CLANG_WARN_INT_CONVERSION = YES;
				CLANG_WARN_OBJC_ROOT_CLASS = YES_ERROR;
				CLANG_WARN_UNREACHABLE_CODE = YES;
				CLANG_WARN__DUPLICATE_METHOD_MATCH = YES;
				"CODE_SIGN_IDENTITY[sdk=iphoneos*]" = "iPhone Developer";
				COPY_PHASE_STRIP = NO;
				DEBUG_INFORMATION_FORMAT = "dwarf-with-dsym";
				ENABLE_STRICT_OBJC_MSGSEND = YES;
				GCC_C_LANGUAGE_STANDARD = gnu99;
				GCC_DYNAMIC_NO_PIC = NO;
				GCC_NO_COMMON_BLOCKS = YES;
				GCC_OPTIMIZATION_LEVEL = 0;
				GCC_PREPROCESSOR_DEFINITIONS = (
					"DEBUG=1",
					"$(inherited)",
				);
				GCC_SYMBOLS_PRIVATE_EXTERN = NO;
				GCC_WARN_64_TO_32_BIT_CONVERSION = YES;
				GCC_WARN_ABOUT_RETURN_TYPE = YES_ERROR;
				GCC_WARN_UNDECLARED_SELECTOR = YES;
				GCC_WARN_UNINITIALIZED_AUTOS = YES_AGGRESSIVE;
				GCC_WARN_UNUSED_FUNCTION = YES;
				GCC_WARN_UNUSED_VARIABLE = YES;
				IPHONEOS_DEPLOYMENT_TARGET = 8.3;
				MTL_ENABLE_DEBUG_INFO = YES;
				ONLY_ACTIVE_ARCH = YES;
				SDKROOT = iphoneos;
				SWIFT_OPTIMIZATION_LEVEL = "-Onone";
			};
			name = Debug;
		};
		581C17991AFD3C5A0094DE54 /* Release */ = {
			isa = XCBuildConfiguration;
			buildSettings = {
				ALWAYS_SEARCH_USER_PATHS = NO;
				CLANG_CXX_LANGUAGE_STANDARD = "gnu++0x";
				CLANG_CXX_LIBRARY = "libc++";
				CLANG_ENABLE_MODULES = YES;
				CLANG_ENABLE_OBJC_ARC = YES;
				CLANG_WARN_BOOL_CONVERSION = YES;
				CLANG_WARN_CONSTANT_CONVERSION = YES;
				CLANG_WARN_DIRECT_OBJC_ISA_USAGE = YES_ERROR;
				CLANG_WARN_EMPTY_BODY = YES;
				CLANG_WARN_ENUM_CONVERSION = YES;
				CLANG_WARN_INT_CONVERSION = YES;
				CLANG_WARN_OBJC_ROOT_CLASS = YES_ERROR;
				CLANG_WARN_UNREACHABLE_CODE = YES;
				CLANG_WARN__DUPLICATE_METHOD_MATCH = YES;
				"CODE_SIGN_IDENTITY[sdk=iphoneos*]" = "iPhone Developer";
				COPY_PHASE_STRIP = NO;
				DEBUG_INFORMATION_FORMAT = "dwarf-with-dsym";
				ENABLE_NS_ASSERTIONS = NO;
				ENABLE_STRICT_OBJC_MSGSEND = YES;
				GCC_C_LANGUAGE_STANDARD = gnu99;
				GCC_NO_COMMON_BLOCKS = YES;
				GCC_WARN_64_TO_32_BIT_CONVERSION = YES;
				GCC_WARN_ABOUT_RETURN_TYPE = YES_ERROR;
				GCC_WARN_UNDECLARED_SELECTOR = YES;
				GCC_WARN_UNINITIALIZED_AUTOS = YES_AGGRESSIVE;
				GCC_WARN_UNUSED_FUNCTION = YES;
				GCC_WARN_UNUSED_VARIABLE = YES;
				IPHONEOS_DEPLOYMENT_TARGET = 8.3;
				MTL_ENABLE_DEBUG_INFO = NO;
				SDKROOT = iphoneos;
				VALIDATE_PRODUCT = YES;
			};
			name = Release;
		};
		581C179B1AFD3C5A0094DE54 /* Debug */ = {
			isa = XCBuildConfiguration;
			buildSettings = {
				ASSETCATALOG_COMPILER_APPICON_NAME = AppIcon;
				INFOPLIST_FILE = "Stacks on Stacks/Info.plist";
				IPHONEOS_DEPLOYMENT_TARGET = 8.0;
				LD_RUNPATH_SEARCH_PATHS = "$(inherited) @executable_path/Frameworks";
				PRODUCT_NAME = "$(TARGET_NAME)";
			};
			name = Debug;
		};
		581C179C1AFD3C5A0094DE54 /* Release */ = {
			isa = XCBuildConfiguration;
			buildSettings = {
				ASSETCATALOG_COMPILER_APPICON_NAME = AppIcon;
				INFOPLIST_FILE = "Stacks on Stacks/Info.plist";
				IPHONEOS_DEPLOYMENT_TARGET = 8.0;
				LD_RUNPATH_SEARCH_PATHS = "$(inherited) @executable_path/Frameworks";
				PRODUCT_NAME = "$(TARGET_NAME)";
			};
			name = Release;
		};
		581C179E1AFD3C5A0094DE54 /* Debug */ = {
			isa = XCBuildConfiguration;
			buildSettings = {
				BUNDLE_LOADER = "$(TEST_HOST)";
				FRAMEWORK_SEARCH_PATHS = (
					"$(SDKROOT)/Developer/Library/Frameworks",
					"$(inherited)",
				);
				GCC_PREPROCESSOR_DEFINITIONS = (
					"DEBUG=1",
					"$(inherited)",
				);
				INFOPLIST_FILE = "Stacks on StacksTests/Info.plist";
				LD_RUNPATH_SEARCH_PATHS = "$(inherited) @executable_path/Frameworks @loader_path/Frameworks";
				PRODUCT_NAME = "$(TARGET_NAME)";
				TEST_HOST = "$(BUILT_PRODUCTS_DIR)/Stacks on Stacks.app/Stacks on Stacks";
			};
			name = Debug;
		};
		581C179F1AFD3C5A0094DE54 /* Release */ = {
			isa = XCBuildConfiguration;
			buildSettings = {
				BUNDLE_LOADER = "$(TEST_HOST)";
				FRAMEWORK_SEARCH_PATHS = (
					"$(SDKROOT)/Developer/Library/Frameworks",
					"$(inherited)",
				);
				INFOPLIST_FILE = "Stacks on StacksTests/Info.plist";
				LD_RUNPATH_SEARCH_PATHS = "$(inherited) @executable_path/Frameworks @loader_path/Frameworks";
				PRODUCT_NAME = "$(TARGET_NAME)";
				TEST_HOST = "$(BUILT_PRODUCTS_DIR)/Stacks on Stacks.app/Stacks on Stacks";
			};
			name = Release;
		};
/* End XCBuildConfiguration section */

/* Begin XCConfigurationList section */
		581C17761AFD3C5A0094DE54 /* Build configuration list for PBXProject "stacks on stacks" */ = {
			isa = XCConfigurationList;
			buildConfigurations = (
				581C17981AFD3C5A0094DE54 /* Debug */,
				581C17991AFD3C5A0094DE54 /* Release */,
			);
			defaultConfigurationIsVisible = 0;
			defaultConfigurationName = Release;
		};
		581C179A1AFD3C5A0094DE54 /* Build configuration list for PBXNativeTarget "Stacks on Stacks" */ = {
			isa = XCConfigurationList;
			buildConfigurations = (
				581C179B1AFD3C5A0094DE54 /* Debug */,
				581C179C1AFD3C5A0094DE54 /* Release */,
			);
			defaultConfigurationIsVisible = 0;
			defaultConfigurationName = Release;
		};
		581C179D1AFD3C5A0094DE54 /* Build configuration list for PBXNativeTarget "Stacks on StacksTests" */ = {
			isa = XCConfigurationList;
			buildConfigurations = (
				581C179E1AFD3C5A0094DE54 /* Debug */,
				581C179F1AFD3C5A0094DE54 /* Release */,
			);
			defaultConfigurationIsVisible = 0;
			defaultConfigurationName = Release;
		};
/* End XCConfigurationList section */
	};
	rootObject = 581C17731AFD3C5A0094DE54 /* Project object */;
}
